
Microsoft Visual Studio Solution File, Format Version 12.00
# Visual Studio Version 17
VisualStudioVersion = 17.8.34511.84
MinimumVisualStudioVersion = 10.0.40219.1
Project("{FAE04EC0-301F-11D3-BF4B-00C04F79EFBC}") = "SP2024-Assigment1-MPentecost", "SP2024-Assigment1-MPentecost\SP2024-Assigment1-MPentecost.csproj", "{0D57E71B-4CD3-49BC-AAC2-D704434BD461}"
EndProject
Global
	GlobalSection(SolutionConfigurationPlatforms) = preSolution
		Debug|Any CPU = Debug|Any CPU
		Release|Any CPU = Release|Any CPU
	EndGlobalSection
	GlobalSection(ProjectConfigurationPlatforms) = postSolution
		{0D57E71B-4CD3-49BC-AAC2-D704434BD461}.Debug|Any CPU.ActiveCfg = Debug|Any CPU
		{0D57E71B-4CD3-49BC-AAC2-D704434BD461}.Debug|Any CPU.Build.0 = Debug|Any CPU
		{0D57E71B-4CD3-49BC-AAC2-D704434BD461}.Release|Any CPU.ActiveCfg = Release|Any CPU
		{0D57E71B-4CD3-49BC-AAC2-D704434BD461}.Release|Any CPU.Build.0 = Release|Any CPU
	EndGlobalSection
	GlobalSection(SolutionProperties) = preSolution
		HideSolutionNode = FALSE
	EndGlobalSection
	GlobalSection(ExtensibilityGlobals) = postSolution
		SolutionGuid = {6A4ED979-936E-4CAD-A2F0-6FC6783AB0FC}
	EndGlobalSection
EndGlobal
